{
  "name": "sim",
  "version": "1.0.0",
  "lockfileVersion": 3,
  "requires": true,
  "packages": {
    "": {
      "name": "sim",
      "version": "1.0.0",
      "devDependencies": {
        "shared_types": "file:../shared_types",
        "typescript": "^5.0.0"
      }
    },
    "../shared_types": {
      "version": "1.0.0",
      "dev": true,
      "devDependencies": {
        "typescript": "^5.0.0"
      }
    },
    "node_modules/shared_types": {
      "resolved": "../shared_types",
      "link": true
    },
    "node_modules/typescript": {
      "version": "5.9.3",
      "dev": true,
      "license": "Apache-2.0",
      "bin": {
        "tsc": "bin/tsc",
        "tsserver": "bin/tsserver"
      },
      "engines": {
        "node": ">=14.17"
      }
    }
  }
}
